
Microsoft Visual Studio Solution File, Format Version 12.00
# Visual Studio 14
VisualStudioVersion = 14.0.25420.1
MinimumVisualStudioVersion = 10.0.40219.1
Project("{FAE04EC0-301F-11D3-BF4B-00C04F79EFBC}") = "Destruktor", "Destruktor\Destruktor.csproj", "{6F9008F4-CD25-4D49-BB02-4B9A79CC2B9E}"
EndProject
Project("{FAE04EC0-301F-11D3-BF4B-00C04F79EFBC}") = "GCCollect", "GCCollect\GCCollect.csproj", "{30192E1F-7CF2-4AF9-B32F-2D3EAC320A74}"
EndProject
Project("{FAE04EC0-301F-11D3-BF4B-00C04F79EFBC}") = "Internal1", "Internal1\Internal1.csproj", "{DCF1F9F5-874D-4A44-9161-655BCA1F868B}"
EndProject
Project("{FAE04EC0-301F-11D3-BF4B-00C04F79EFBC}") = "Internal2", "Internal2\Internal2.csproj", "{B0605F69-9FA5-4E41-8FB0-D5DB1A89B1F3}"
EndProject
Project("{FAE04EC0-301F-11D3-BF4B-00C04F79EFBC}") = "VirtualneMetode", "VirtualneMetode\VirtualneMetode.csproj", "{132886E2-3206-49DD-8C64-46A73FD636E0}"
EndProject
Project("{FAE04EC0-301F-11D3-BF4B-00C04F79EFBC}") = "DefinicijaTipa", "DefinicijaTipa\DefinicijaTipa.csproj", "{B84C51A5-93AD-4623-BD47-0285EFD6BE7C}"
EndProject
Project("{2150E333-8FDC-42A3-9474-1A3956D46DE8}") = "13", "13", "{F293E427-A0D1-4BCA-A176-A674729C7CFB}"
EndProject
Project("{FAE04EC0-301F-11D3-BF4B-00C04F79EFBC}") = "DelegiranjeKonstruktora", "DelegiranjeKonstruktora\DelegiranjeKonstruktora.csproj", "{4FC01A9F-93D2-4577-A355-E8B4EC16E088}"
EndProject
Project("{FAE04EC0-301F-11D3-BF4B-00C04F79EFBC}") = "KonstruktorKlase", "KonstruktorKlase\KonstruktorKlase.csproj", "{5D087245-F902-4310-B2A3-CCC2BC0AC926}"
EndProject
Project("{FAE04EC0-301F-11D3-BF4B-00C04F79EFBC}") = "KonstruktorStrukture", "KonstruktorStrukture\KonstruktorStrukture.csproj", "{DDF65C91-962E-449D-8F91-B87BCF8D0814}"
EndProject
Project("{2150E333-8FDC-42A3-9474-1A3956D46DE8}") = "_", "_", "{AB717C5D-7FB3-4BB0-B5E2-E1054DEA6F70}"
	ProjectSection(SolutionItems) = preProject
		ReadMe.txt = ReadMe.txt
	EndProjectSection
EndProject
Project("{2150E333-8FDC-42A3-9474-1A3956D46DE8}") = "00", "00", "{B4CAAAB2-7A6C-4CD9-A158-F17EE0FD8D81}"
EndProject
Project("{2150E333-8FDC-42A3-9474-1A3956D46DE8}") = "01", "01", "{8DB54F3B-76D9-41CD-98DF-25A610521035}"
EndProject
Project("{2150E333-8FDC-42A3-9474-1A3956D46DE8}") = "02", "02", "{2D3D8591-3302-4ECF-A4B8-C756B5F0529B}"
EndProject
Project("{2150E333-8FDC-42A3-9474-1A3956D46DE8}") = "03", "03", "{4999691D-7E5B-4779-84D0-C3A9FF16B5C5}"
EndProject
Project("{2150E333-8FDC-42A3-9474-1A3956D46DE8}") = "04", "04", "{F3EC7068-5AE3-4311-AE6D-67D6D431A9D6}"
EndProject
Project("{2150E333-8FDC-42A3-9474-1A3956D46DE8}") = "05", "05", "{01797F00-3993-434A-A94B-DE7843E8B15A}"
EndProject
Project("{2150E333-8FDC-42A3-9474-1A3956D46DE8}") = "06", "06", "{59CC688D-4D62-4C3B-ABAC-A2E4825B3A3C}"
EndProject
Project("{2150E333-8FDC-42A3-9474-1A3956D46DE8}") = "07", "07", "{E7D27F26-F978-48E7-BDCC-4F332DE6503E}"
EndProject
Project("{2150E333-8FDC-42A3-9474-1A3956D46DE8}") = "08", "08", "{99A12C9F-89F7-4B78-BF2D-32DE46414409}"
EndProject
Project("{2150E333-8FDC-42A3-9474-1A3956D46DE8}") = "09", "09", "{3D9FB4CD-BC9F-4F3B-97B1-5A3C26085BF5}"
EndProject
Project("{FAE04EC0-301F-11D3-BF4B-00C04F79EFBC}") = "Testovi", "Testovi\Testovi.csproj", "{D1013589-B28B-4373-9812-884849AD8034}"
EndProject
Project("{FAE04EC0-301F-11D3-BF4B-00C04F79EFBC}") = "Class-Struct", "Class-Struct\Class-Struct.csproj", "{26EB8B18-C269-4A35-898B-06A52AE2E622}"
EndProject
Project("{2150E333-8FDC-42A3-9474-1A3956D46DE8}") = "10", "10", "{06024C9C-7BDE-46DD-BE4C-8B570EB16BC9}"
EndProject
Project("{2150E333-8FDC-42A3-9474-1A3956D46DE8}") = "11", "11", "{8EF2BCF0-FBF9-43C6-A067-E7D713F02347}"
EndProject
Project("{2150E333-8FDC-42A3-9474-1A3956D46DE8}") = "12", "12", "{CB6506C5-4099-49E8-B74B-BD07E3B69C7C}"
EndProject
Project("{FAE04EC0-301F-11D3-BF4B-00C04F79EFBC}") = "UgnježđenaKlasa", "UgnježđenaKlasa\UgnježđenaKlasa.csproj", "{8E658D16-D390-4B80-9B33-866BF0011ECB}"
EndProject
Project("{FAE04EC0-301F-11D3-BF4B-00C04F79EFBC}") = "StatičkiČlanovi", "StatičkiČlanovi\StatičkiČlanovi.csproj", "{A216CAE3-F6CF-4589-B4F9-5F895C0DC071}"
EndProject
Project("{FAE04EC0-301F-11D3-BF4B-00C04F79EFBC}") = "KorištenjeObjekata", "KorištenjeObjekata\KorištenjeObjekata.csproj", "{5C8E47FD-1A30-444D-BEE1-71F01615E2B4}"
EndProject
Project("{FAE04EC0-301F-11D3-BF4B-00C04F79EFBC}") = "IDisposable", "IDisposable\IDisposable.csproj", "{A26E41AF-3E24-4195-94EE-42A2CB711696}"
EndProject
Project("{FAE04EC0-301F-11D3-BF4B-00C04F79EFBC}") = "CrtanjeLikova", "CrtanjeLikova\CrtanjeLikova.csproj", "{131DB000-7B38-43FF-A893-366542780431}"
EndProject
Global
	GlobalSection(SolutionConfigurationPlatforms) = preSolution
		Debug|Any CPU = Debug|Any CPU
		Release|Any CPU = Release|Any CPU
	EndGlobalSection
	GlobalSection(ProjectConfigurationPlatforms) = postSolution
		{6F9008F4-CD25-4D49-BB02-4B9A79CC2B9E}.Debug|Any CPU.ActiveCfg = Debug|Any CPU
		{6F9008F4-CD25-4D49-BB02-4B9A79CC2B9E}.Debug|Any CPU.Build.0 = Debug|Any CPU
		{6F9008F4-CD25-4D49-BB02-4B9A79CC2B9E}.Release|Any CPU.ActiveCfg = Release|Any CPU
		{6F9008F4-CD25-4D49-BB02-4B9A79CC2B9E}.Release|Any CPU.Build.0 = Release|Any CPU
		{30192E1F-7CF2-4AF9-B32F-2D3EAC320A74}.Debug|Any CPU.ActiveCfg = Debug|Any CPU
		{30192E1F-7CF2-4AF9-B32F-2D3EAC320A74}.Debug|Any CPU.Build.0 = Debug|Any CPU
		{30192E1F-7CF2-4AF9-B32F-2D3EAC320A74}.Release|Any CPU.ActiveCfg = Release|Any CPU
		{30192E1F-7CF2-4AF9-B32F-2D3EAC320A74}.Release|Any CPU.Build.0 = Release|Any CPU
		{DCF1F9F5-874D-4A44-9161-655BCA1F868B}.Debug|Any CPU.ActiveCfg = Debug|Any CPU
		{DCF1F9F5-874D-4A44-9161-655BCA1F868B}.Debug|Any CPU.Build.0 = Debug|Any CPU
		{DCF1F9F5-874D-4A44-9161-655BCA1F868B}.Release|Any CPU.ActiveCfg = Release|Any CPU
		{DCF1F9F5-874D-4A44-9161-655BCA1F868B}.Release|Any CPU.Build.0 = Release|Any CPU
		{B0605F69-9FA5-4E41-8FB0-D5DB1A89B1F3}.Debug|Any CPU.ActiveCfg = Debug|Any CPU
		{B0605F69-9FA5-4E41-8FB0-D5DB1A89B1F3}.Debug|Any CPU.Build.0 = Debug|Any CPU
		{B0605F69-9FA5-4E41-8FB0-D5DB1A89B1F3}.Release|Any CPU.ActiveCfg = Release|Any CPU
		{B0605F69-9FA5-4E41-8FB0-D5DB1A89B1F3}.Release|Any CPU.Build.0 = Release|Any CPU
		{132886E2-3206-49DD-8C64-46A73FD636E0}.Debug|Any CPU.ActiveCfg = Debug|Any CPU
		{132886E2-3206-49DD-8C64-46A73FD636E0}.Debug|Any CPU.Build.0 = Debug|Any CPU
		{132886E2-3206-49DD-8C64-46A73FD636E0}.Release|Any CPU.ActiveCfg = Release|Any CPU
		{132886E2-3206-49DD-8C64-46A73FD636E0}.Release|Any CPU.Build.0 = Release|Any CPU
		{B84C51A5-93AD-4623-BD47-0285EFD6BE7C}.Debug|Any CPU.ActiveCfg = Debug|Any CPU
		{B84C51A5-93AD-4623-BD47-0285EFD6BE7C}.Debug|Any CPU.Build.0 = Debug|Any CPU
		{B84C51A5-93AD-4623-BD47-0285EFD6BE7C}.Release|Any CPU.ActiveCfg = Release|Any CPU
		{B84C51A5-93AD-4623-BD47-0285EFD6BE7C}.Release|Any CPU.Build.0 = Release|Any CPU
		{4FC01A9F-93D2-4577-A355-E8B4EC16E088}.Debug|Any CPU.ActiveCfg = Debug|Any CPU
		{4FC01A9F-93D2-4577-A355-E8B4EC16E088}.Debug|Any CPU.Build.0 = Debug|Any CPU
		{4FC01A9F-93D2-4577-A355-E8B4EC16E088}.Release|Any CPU.ActiveCfg = Release|Any CPU
		{4FC01A9F-93D2-4577-A355-E8B4EC16E088}.Release|Any CPU.Build.0 = Release|Any CPU
		{5D087245-F902-4310-B2A3-CCC2BC0AC926}.Debug|Any CPU.ActiveCfg = Debug|Any CPU
		{5D087245-F902-4310-B2A3-CCC2BC0AC926}.Debug|Any CPU.Build.0 = Debug|Any CPU
		{5D087245-F902-4310-B2A3-CCC2BC0AC926}.Release|Any CPU.ActiveCfg = Release|Any CPU
		{5D087245-F902-4310-B2A3-CCC2BC0AC926}.Release|Any CPU.Build.0 = Release|Any CPU
		{DDF65C91-962E-449D-8F91-B87BCF8D0814}.Debug|Any CPU.ActiveCfg = Debug|Any CPU
		{DDF65C91-962E-449D-8F91-B87BCF8D0814}.Debug|Any CPU.Build.0 = Debug|Any CPU
		{DDF65C91-962E-449D-8F91-B87BCF8D0814}.Release|Any CPU.ActiveCfg = Release|Any CPU
		{DDF65C91-962E-449D-8F91-B87BCF8D0814}.Release|Any CPU.Build.0 = Release|Any CPU
		{D1013589-B28B-4373-9812-884849AD8034}.Debug|Any CPU.ActiveCfg = Debug|Any CPU
		{D1013589-B28B-4373-9812-884849AD8034}.Debug|Any CPU.Build.0 = Debug|Any CPU
		{D1013589-B28B-4373-9812-884849AD8034}.Release|Any CPU.ActiveCfg = Release|Any CPU
		{D1013589-B28B-4373-9812-884849AD8034}.Release|Any CPU.Build.0 = Release|Any CPU
		{26EB8B18-C269-4A35-898B-06A52AE2E622}.Debug|Any CPU.ActiveCfg = Debug|Any CPU
		{26EB8B18-C269-4A35-898B-06A52AE2E622}.Debug|Any CPU.Build.0 = Debug|Any CPU
		{26EB8B18-C269-4A35-898B-06A52AE2E622}.Release|Any CPU.ActiveCfg = Release|Any CPU
		{26EB8B18-C269-4A35-898B-06A52AE2E622}.Release|Any CPU.Build.0 = Release|Any CPU
		{8E658D16-D390-4B80-9B33-866BF0011ECB}.Debug|Any CPU.ActiveCfg = Debug|Any CPU
		{8E658D16-D390-4B80-9B33-866BF0011ECB}.Debug|Any CPU.Build.0 = Debug|Any CPU
		{8E658D16-D390-4B80-9B33-866BF0011ECB}.Release|Any CPU.ActiveCfg = Release|Any CPU
		{8E658D16-D390-4B80-9B33-866BF0011ECB}.Release|Any CPU.Build.0 = Release|Any CPU
		{A216CAE3-F6CF-4589-B4F9-5F895C0DC071}.Debug|Any CPU.ActiveCfg = Debug|Any CPU
		{A216CAE3-F6CF-4589-B4F9-5F895C0DC071}.Debug|Any CPU.Build.0 = Debug|Any CPU
		{A216CAE3-F6CF-4589-B4F9-5F895C0DC071}.Release|Any CPU.ActiveCfg = Release|Any CPU
		{A216CAE3-F6CF-4589-B4F9-5F895C0DC071}.Release|Any CPU.Build.0 = Release|Any CPU
		{5C8E47FD-1A30-444D-BEE1-71F01615E2B4}.Debug|Any CPU.ActiveCfg = Debug|Any CPU
		{5C8E47FD-1A30-444D-BEE1-71F01615E2B4}.Debug|Any CPU.Build.0 = Debug|Any CPU
		{5C8E47FD-1A30-444D-BEE1-71F01615E2B4}.Release|Any CPU.ActiveCfg = Release|Any CPU
		{5C8E47FD-1A30-444D-BEE1-71F01615E2B4}.Release|Any CPU.Build.0 = Release|Any CPU
		{A26E41AF-3E24-4195-94EE-42A2CB711696}.Debug|Any CPU.ActiveCfg = Debug|Any CPU
		{A26E41AF-3E24-4195-94EE-42A2CB711696}.Debug|Any CPU.Build.0 = Debug|Any CPU
		{A26E41AF-3E24-4195-94EE-42A2CB711696}.Release|Any CPU.ActiveCfg = Release|Any CPU
		{A26E41AF-3E24-4195-94EE-42A2CB711696}.Release|Any CPU.Build.0 = Release|Any CPU
		{131DB000-7B38-43FF-A893-366542780431}.Debug|Any CPU.ActiveCfg = Debug|Any CPU
		{131DB000-7B38-43FF-A893-366542780431}.Debug|Any CPU.Build.0 = Debug|Any CPU
		{131DB000-7B38-43FF-A893-366542780431}.Release|Any CPU.ActiveCfg = Release|Any CPU
		{131DB000-7B38-43FF-A893-366542780431}.Release|Any CPU.Build.0 = Release|Any CPU
	EndGlobalSection
	GlobalSection(SolutionProperties) = preSolution
		HideSolutionNode = FALSE
	EndGlobalSection
	GlobalSection(NestedProjects) = preSolution
		{6F9008F4-CD25-4D49-BB02-4B9A79CC2B9E} = {8EF2BCF0-FBF9-43C6-A067-E7D713F02347}
		{30192E1F-7CF2-4AF9-B32F-2D3EAC320A74} = {CB6506C5-4099-49E8-B74B-BD07E3B69C7C}
		{DCF1F9F5-874D-4A44-9161-655BCA1F868B} = {4999691D-7E5B-4779-84D0-C3A9FF16B5C5}
		{B0605F69-9FA5-4E41-8FB0-D5DB1A89B1F3} = {4999691D-7E5B-4779-84D0-C3A9FF16B5C5}
		{132886E2-3206-49DD-8C64-46A73FD636E0} = {3D9FB4CD-BC9F-4F3B-97B1-5A3C26085BF5}
		{B84C51A5-93AD-4623-BD47-0285EFD6BE7C} = {8DB54F3B-76D9-41CD-98DF-25A610521035}
		{4FC01A9F-93D2-4577-A355-E8B4EC16E088} = {99A12C9F-89F7-4B78-BF2D-32DE46414409}
		{5D087245-F902-4310-B2A3-CCC2BC0AC926} = {59CC688D-4D62-4C3B-ABAC-A2E4825B3A3C}
		{DDF65C91-962E-449D-8F91-B87BCF8D0814} = {E7D27F26-F978-48E7-BDCC-4F332DE6503E}
		{26EB8B18-C269-4A35-898B-06A52AE2E622} = {2D3D8591-3302-4ECF-A4B8-C756B5F0529B}
		{8E658D16-D390-4B80-9B33-866BF0011ECB} = {F3EC7068-5AE3-4311-AE6D-67D6D431A9D6}
		{A216CAE3-F6CF-4589-B4F9-5F895C0DC071} = {01797F00-3993-434A-A94B-DE7843E8B15A}
		{5C8E47FD-1A30-444D-BEE1-71F01615E2B4} = {B4CAAAB2-7A6C-4CD9-A158-F17EE0FD8D81}
		{A26E41AF-3E24-4195-94EE-42A2CB711696} = {F293E427-A0D1-4BCA-A176-A674729C7CFB}
		{131DB000-7B38-43FF-A893-366542780431} = {06024C9C-7BDE-46DD-BE4C-8B570EB16BC9}
	EndGlobalSection
EndGlobal
